
Microsoft Visual Studio Solution File, Format Version 12.00
# Visual Studio Version 17
VisualStudioVersion = 17.3.32929.385
MinimumVisualStudioVersion = 10.0.40219.1
Project("{FAE04EC0-301F-11D3-BF4B-00C04F79EFBC}") = "eTickets", "eTickets\eTickets.csproj", "{4F794FF1-7262-4544-8BE5-9E8B7AC8E259}"
EndProject
Global
	GlobalSection(SolutionConfigurationPlatforms) = preSolution
		Debug|Any CPU = Debug|Any CPU
		Release|Any CPU = Release|Any CPU
	EndGlobalSection
	GlobalSection(ProjectConfigurationPlatforms) = postSolution
		{4F794FF1-7262-4544-8BE5-9E8B7AC8E259}.Debug|Any CPU.ActiveCfg = Debug|Any CPU
		{4F794FF1-7262-4544-8BE5-9E8B7AC8E259}.Debug|Any CPU.Build.0 = Debug|Any CPU
		{4F794FF1-7262-4544-8BE5-9E8B7AC8E259}.Release|Any CPU.ActiveCfg = Release|Any CPU
		{4F794FF1-7262-4544-8BE5-9E8B7AC8E259}.Release|Any CPU.Build.0 = Release|Any CPU
	EndGlobalSection
	GlobalSection(SolutionProperties) = preSolution
		HideSolutionNode = FALSE
	EndGlobalSection
	GlobalSection(ExtensibilityGlobals) = postSolution
		SolutionGuid = {FD68D7B7-64C1-4D2B-A14C-1B63E54F7FF8}
	EndGlobalSection
EndGlobal
